# Generated by move; do not edit
# This file should be checked in.

[move]
version = 4

[pinned.mainnet.DeepBookRouter]
source = { root = true }
use_environment = "mainnet"
manifest_digest = "E0DAC2E224FA57EE29E36AEE68A8F3716129D435258B0F3A0209EF6A2F1AD1D1"
deps = { MoveStdlib = "MoveStdlib", Sui = "Sui", deepbook = "deepbook" }

[pinned.mainnet.MoveStdlib]
source = { git = "https://github.com/MystenLabs/sui.git", subdir = "crates/sui-framework/packages/move-stdlib", rev = "c7566e601c9a64154850c1cb074a90d7fc11bba4" }
use_environment = "mainnet"
manifest_digest = "C4FE4C91DE74CBF223B2E380AE40F592177D21870DC2D7EB6227D2D694E05363"
deps = {}

[pinned.mainnet.MoveStdlib_1]
source = { git = "https://github.com/MystenLabs/sui.git", subdir = "crates/sui-framework/packages/move-stdlib", rev = "563c15820b27dec9cbe75f826a3b6243ef44da1a" }
use_environment = "mainnet"
manifest_digest = "C4FE4C91DE74CBF223B2E380AE40F592177D21870DC2D7EB6227D2D694E05363"
deps = {}

[pinned.mainnet.Sui]
source = { git = "https://github.com/MystenLabs/sui.git", subdir = "crates/sui-framework/packages/sui-framework", rev = "c7566e601c9a64154850c1cb074a90d7fc11bba4" }
use_environment = "mainnet"
manifest_digest = "CD547CB1ACCE0880C835DAED2D8FFCB91D56C833AE5240D3AA5B918398263195"
deps = { MoveStdlib = "MoveStdlib" }

[pinned.mainnet.Sui_1]
source = { git = "https://github.com/MystenLabs/sui.git", subdir = "crates/sui-framework/packages/sui-framework", rev = "563c15820b27dec9cbe75f826a3b6243ef44da1a" }
use_environment = "mainnet"
manifest_digest = "CD547CB1ACCE0880C835DAED2D8FFCB91D56C833AE5240D3AA5B918398263195"
deps = { MoveStdlib = "MoveStdlib_1" }

[pinned.mainnet.deepbook]
source = { local = "../../deepbookv3/packages/deepbook" }
use_environment = "mainnet"
manifest_digest = "F4948AC65D214ECC0561B7E94987B2AF2D7BF78658F6AE5CA5D0E1DA68873872"
deps = { std = "MoveStdlib_1", sui = "Sui_1", token = "token" }

[pinned.mainnet.token]
source = { git = "https://github.com/MystenLabs/deepbookv3.git", subdir = "packages/token", rev = "84f36972a93fe07037f8d7d3a52fdaf04e11f853" }
use_environment = "mainnet"
manifest_digest = "E41BBD67BE8940D26C79D78B028477EF5B33BA217A1282C78ACB344CF8A5ECF6"
deps = { std = "MoveStdlib_1", sui = "Sui_1" }
